// !$*UTF8*$!
{
	archiveVersion = 1;
	classes = {
	};
	objectVersion = 50;
	objects = {

/* Begin PBXBuildFile section */
		0FEA2945185B66F54BF329B3 /* Pods_StarTrivia.framework in Frameworks */ = {isa = PBXBuildFile; fileRef = 38DB316BCDC8FF43CA6D5E7F /* Pods_StarTrivia.framework */; };
		3E13F38E21A9119D00D5F3EE /* Main.storyboard in Resources */ = {isa = PBXBuildFile; fileRef = 3E13F38C21A9119D00D5F3EE /* Main.storyboard */; };
		3E13F39121A9119D00D5F3EE /* AppDelegate.swift in Sources */ = {isa = PBXBuildFile; fileRef = 3E13F39021A9119D00D5F3EE /* AppDelegate.swift */; };
		3E13F39321A9119E00D5F3EE /* Assets.xcassets in Resources */ = {isa = PBXBuildFile; fileRef = 3E13F39221A9119E00D5F3EE /* Assets.xcassets */; };
		3E13F39621A9119E00D5F3EE /* LaunchScreen.storyboard in Resources */ = {isa = PBXBuildFile; fileRef = 3E13F39421A9119E00D5F3EE /* LaunchScreen.storyboard */; };
		3E13F39E21A9121800D5F3EE /* SelectPersonVC.swift in Sources */ = {isa = PBXBuildFile; fileRef = 3E13F39D21A9121800D5F3EE /* SelectPersonVC.swift */; };
		3E7C321921AA461700ACC457 /* Homeworld.swift in Sources */ = {isa = PBXBuildFile; fileRef = 3E7C321821AA461700ACC457 /* Homeworld.swift */; };
		3E7C321B21AA468000ACC457 /* HomeworldAPI.swift in Sources */ = {isa = PBXBuildFile; fileRef = 3E7C321A21AA468000ACC457 /* HomeworldAPI.swift */; };
		3E7C321D21AA508A00ACC457 /* Vehicle.swift in Sources */ = {isa = PBXBuildFile; fileRef = 3E7C321C21AA508A00ACC457 /* Vehicle.swift */; };
		3E7C321F21AA517E00ACC457 /* VehicleAPI.swift in Sources */ = {isa = PBXBuildFile; fileRef = 3E7C321E21AA517E00ACC457 /* VehicleAPI.swift */; };
		3EA7880921AB0CF600B2BCF5 /* Starship.swift in Sources */ = {isa = PBXBuildFile; fileRef = 3EA7880821AB0CF600B2BCF5 /* Starship.swift */; };
		3EA7880B21AB0D5000B2BCF5 /* StarshipAPI.swift in Sources */ = {isa = PBXBuildFile; fileRef = 3EA7880A21AB0D5000B2BCF5 /* StarshipAPI.swift */; };
		3EF1E8F421A9C0DD00EA5B5B /* Starjedi.ttf in Resources */ = {isa = PBXBuildFile; fileRef = 3EF1E8F121A9C0C400EA5B5B /* Starjedi.ttf */; };
		3EF1E8F521A9C0E000EA5B5B /* Starjhol.ttf in Resources */ = {isa = PBXBuildFile; fileRef = 3EF1E8F321A9C0C400EA5B5B /* Starjhol.ttf */; };
		3EF1E8F621A9C0E400EA5B5B /* Starjout.ttf in Resources */ = {isa = PBXBuildFile; fileRef = 3EF1E8F221A9C0C400EA5B5B /* Starjout.ttf */; };
		3EF1E8F921A9C52600EA5B5B /* BlackBackgroundView.swift in Sources */ = {isa = PBXBuildFile; fileRef = 3EF1E8F821A9C52600EA5B5B /* BlackBackgroundView.swift */; };
		3EF1E8FC21A9C5A800EA5B5B /* Constants.swift in Sources */ = {isa = PBXBuildFile; fileRef = 3EF1E8FB21A9C5A800EA5B5B /* Constants.swift */; };
		3EF1E8FF21A9CCA800EA5B5B /* PersonAPI.swift in Sources */ = {isa = PBXBuildFile; fileRef = 3EF1E8FE21A9CCA800EA5B5B /* PersonAPI.swift */; };
		3EF1E90221A9E42F00EA5B5B /* Person.swift in Sources */ = {isa = PBXBuildFile; fileRef = 3EF1E90121A9E42F00EA5B5B /* Person.swift */; };
		3EF1E90421AA2B0700EA5B5B /* FadeButton.swift in Sources */ = {isa = PBXBuildFile; fileRef = 3EF1E90321AA2B0700EA5B5B /* FadeButton.swift */; };
		3EF1E90721AA3A2A00EA5B5B /* HomeworldVC.swift in Sources */ = {isa = PBXBuildFile; fileRef = 3EF1E90621AA3A2A00EA5B5B /* HomeworldVC.swift */; };
		3EF1E90921AA3A3800EA5B5B /* VehiclesVC.swift in Sources */ = {isa = PBXBuildFile; fileRef = 3EF1E90821AA3A3800EA5B5B /* VehiclesVC.swift */; };
		3EF1E90B21AA3A4200EA5B5B /* StarshipsVC.swift in Sources */ = {isa = PBXBuildFile; fileRef = 3EF1E90A21AA3A4200EA5B5B /* StarshipsVC.swift */; };
		3EF1E90D21AA3A4B00EA5B5B /* FilmsVC.swift in Sources */ = {isa = PBXBuildFile; fileRef = 3EF1E90C21AA3A4B00EA5B5B /* FilmsVC.swift */; };
/* End PBXBuildFile section */

/* Begin PBXFileReference section */
		38DB316BCDC8FF43CA6D5E7F /* Pods_StarTrivia.framework */ = {isa = PBXFileReference; explicitFileType = wrapper.framework; includeInIndex = 0; path = Pods_StarTrivia.framework; sourceTree = BUILT_PRODUCTS_DIR; };
		3E13F37E21A9119D00D5F3EE /* StarTrivia.app */ = {isa = PBXFileReference; explicitFileType = wrapper.application; includeInIndex = 0; path = StarTrivia.app; sourceTree = BUILT_PRODUCTS_DIR; };
		3E13F38D21A9119D00D5F3EE /* Base */ = {isa = PBXFileReference; lastKnownFileType = file.storyboard; name = Base; path = Base.lproj/Main.storyboard; sourceTree = "<group>"; };
		3E13F39021A9119D00D5F3EE /* AppDelegate.swift */ = {isa = PBXFileReference; lastKnownFileType = sourcecode.swift; path = AppDelegate.swift; sourceTree = "<group>"; };
		3E13F39221A9119E00D5F3EE /* Assets.xcassets */ = {isa = PBXFileReference; lastKnownFileType = folder.assetcatalog; path = Assets.xcassets; sourceTree = "<group>"; };
		3E13F39521A9119E00D5F3EE /* Base */ = {isa = PBXFileReference; lastKnownFileType = file.storyboard; name = Base; path = Base.lproj/LaunchScreen.storyboard; sourceTree = "<group>"; };
		3E13F39721A9119E00D5F3EE /* Info.plist */ = {isa = PBXFileReference; lastKnownFileType = text.plist.xml; path = Info.plist; sourceTree = "<group>"; };
		3E13F39D21A9121800D5F3EE /* SelectPersonVC.swift */ = {isa = PBXFileReference; lastKnownFileType = sourcecode.swift; path = SelectPersonVC.swift; sourceTree = "<group>"; };
		3E7C321821AA461700ACC457 /* Homeworld.swift */ = {isa = PBXFileReference; lastKnownFileType = sourcecode.swift; path = Homeworld.swift; sourceTree = "<group>"; };
		3E7C321A21AA468000ACC457 /* HomeworldAPI.swift */ = {isa = PBXFileReference; lastKnownFileType = sourcecode.swift; path = HomeworldAPI.swift; sourceTree = "<group>"; };
		3E7C321C21AA508A00ACC457 /* Vehicle.swift */ = {isa = PBXFileReference; lastKnownFileType = sourcecode.swift; path = Vehicle.swift; sourceTree = "<group>"; };
		3E7C321E21AA517E00ACC457 /* VehicleAPI.swift */ = {isa = PBXFileReference; lastKnownFileType = sourcecode.swift; path = VehicleAPI.swift; sourceTree = "<group>"; };
		3EA7880821AB0CF600B2BCF5 /* Starship.swift */ = {isa = PBXFileReference; lastKnownFileType = sourcecode.swift; path = Starship.swift; sourceTree = "<group>"; };
		3EA7880A21AB0D5000B2BCF5 /* StarshipAPI.swift */ = {isa = PBXFileReference; lastKnownFileType = sourcecode.swift; path = StarshipAPI.swift; sourceTree = "<group>"; };
		3EF1E8F121A9C0C400EA5B5B /* Starjedi.ttf */ = {isa = PBXFileReference; lastKnownFileType = file; path = Starjedi.ttf; sourceTree = "<group>"; };
		3EF1E8F221A9C0C400EA5B5B /* Starjout.ttf */ = {isa = PBXFileReference; lastKnownFileType = file; path = Starjout.ttf; sourceTree = "<group>"; };
		3EF1E8F321A9C0C400EA5B5B /* Starjhol.ttf */ = {isa = PBXFileReference; lastKnownFileType = file; path = Starjhol.ttf; sourceTree = "<group>"; };
		3EF1E8F821A9C52600EA5B5B /* BlackBackgroundView.swift */ = {isa = PBXFileReference; lastKnownFileType = sourcecode.swift; path = BlackBackgroundView.swift; sourceTree = "<group>"; };
		3EF1E8FB21A9C5A800EA5B5B /* Constants.swift */ = {isa = PBXFileReference; lastKnownFileType = sourcecode.swift; path = Constants.swift; sourceTree = "<group>"; };
		3EF1E8FE21A9CCA800EA5B5B /* PersonAPI.swift */ = {isa = PBXFileReference; lastKnownFileType = sourcecode.swift; path = PersonAPI.swift; sourceTree = "<group>"; };
		3EF1E90121A9E42F00EA5B5B /* Person.swift */ = {isa = PBXFileReference; lastKnownFileType = sourcecode.swift; path = Person.swift; sourceTree = "<group>"; };
		3EF1E90321AA2B0700EA5B5B /* FadeButton.swift */ = {isa = PBXFileReference; lastKnownFileType = sourcecode.swift; path = FadeButton.swift; sourceTree = "<group>"; };
		3EF1E90621AA3A2A00EA5B5B /* HomeworldVC.swift */ = {isa = PBXFileReference; lastKnownFileType = sourcecode.swift; path = HomeworldVC.swift; sourceTree = "<group>"; };
		3EF1E90821AA3A3800EA5B5B /* VehiclesVC.swift */ = {isa = PBXFileReference; lastKnownFileType = sourcecode.swift; path = VehiclesVC.swift; sourceTree = "<group>"; };
		3EF1E90A21AA3A4200EA5B5B /* StarshipsVC.swift */ = {isa = PBXFileReference; lastKnownFileType = sourcecode.swift; path = StarshipsVC.swift; sourceTree = "<group>"; };
		3EF1E90C21AA3A4B00EA5B5B /* FilmsVC.swift */ = {isa = PBXFileReference; lastKnownFileType = sourcecode.swift; path = FilmsVC.swift; sourceTree = "<group>"; };
		9D018EA3A3C80344D670D7A6 /* Pods-StarTrivia.debug.xcconfig */ = {isa = PBXFileReference; includeInIndex = 1; lastKnownFileType = text.xcconfig; name = "Pods-StarTrivia.debug.xcconfig"; path = "Target Support Files/Pods-StarTrivia/Pods-StarTrivia.debug.xcconfig"; sourceTree = "<group>"; };
		B7EB7A1BC3CC6324E317590B /* Pods-StarTrivia.release.xcconfig */ = {isa = PBXFileReference; includeInIndex = 1; lastKnownFileType = text.xcconfig; name = "Pods-StarTrivia.release.xcconfig"; path = "Target Support Files/Pods-StarTrivia/Pods-StarTrivia.release.xcconfig"; sourceTree = "<group>"; };
/* End PBXFileReference section */

/* Begin PBXFrameworksBuildPhase section */
		3E13F37B21A9119D00D5F3EE /* Frameworks */ = {
			isa = PBXFrameworksBuildPhase;
			buildActionMask = 2147483647;
			files = (
				0FEA2945185B66F54BF329B3 /* Pods_StarTrivia.framework in Frameworks */,
			);
			runOnlyForDeploymentPostprocessing = 0;
		};
/* End PBXFrameworksBuildPhase section */

/* Begin PBXGroup section */
		218B44A5FBF462D19434A2C7 /* Pods */ = {
			isa = PBXGroup;
			children = (
				9D018EA3A3C80344D670D7A6 /* Pods-StarTrivia.debug.xcconfig */,
				B7EB7A1BC3CC6324E317590B /* Pods-StarTrivia.release.xcconfig */,
			);
			path = Pods;
			sourceTree = "<group>";
		};
		3E13F37521A9119D00D5F3EE = {
			isa = PBXGroup;
			children = (
				3E13F38021A9119D00D5F3EE /* StarTrivia */,
				3E13F37F21A9119D00D5F3EE /* Products */,
				218B44A5FBF462D19434A2C7 /* Pods */,
				ECD59BE54C2B83009680009E /* Frameworks */,
			);
			sourceTree = "<group>";
		};
		3E13F37F21A9119D00D5F3EE /* Products */ = {
			isa = PBXGroup;
			children = (
				3E13F37E21A9119D00D5F3EE /* StarTrivia.app */,
			);
			name = Products;
			sourceTree = "<group>";
		};
		3E13F38021A9119D00D5F3EE /* StarTrivia */ = {
			isa = PBXGroup;
			children = (
				3E13F38121A9119D00D5F3EE /* Models */,
				3E13F38421A9119D00D5F3EE /* Controllers */,
				3E13F38B21A9119D00D5F3EE /* Views */,
				3EF1E8FD21A9CC8C00EA5B5B /* Services */,
				3EF1E8FA21A9C59900EA5B5B /* Utilities */,
				3E13F38F21A9119D00D5F3EE /* Resources */,
			);
			path = StarTrivia;
			sourceTree = "<group>";
		};
		3E13F38121A9119D00D5F3EE /* Models */ = {
			isa = PBXGroup;
			children = (
				3EF1E90121A9E42F00EA5B5B /* Person.swift */,
				3E7C321821AA461700ACC457 /* Homeworld.swift */,
				3E7C321C21AA508A00ACC457 /* Vehicle.swift */,
				3EA7880821AB0CF600B2BCF5 /* Starship.swift */,
			);
			name = Models;
			sourceTree = "<group>";
		};
		3E13F38421A9119D00D5F3EE /* Controllers */ = {
			isa = PBXGroup;
			children = (
				3E13F38821A9119D00D5F3EE /* View Controllers */,
			);
			name = Controllers;
			sourceTree = "<group>";
		};
		3E13F38821A9119D00D5F3EE /* View Controllers */ = {
			isa = PBXGroup;
			children = (
				3E13F39D21A9121800D5F3EE /* SelectPersonVC.swift */,
				3EF1E90621AA3A2A00EA5B5B /* HomeworldVC.swift */,
				3EF1E90821AA3A3800EA5B5B /* VehiclesVC.swift */,
				3EF1E90A21AA3A4200EA5B5B /* StarshipsVC.swift */,
				3EF1E90C21AA3A4B00EA5B5B /* FilmsVC.swift */,
			);
			name = "View Controllers";
			sourceTree = "<group>";
		};
		3E13F38B21A9119D00D5F3EE /* Views */ = {
			isa = PBXGroup;
			children = (
				3EF1E90021A9CCBF00EA5B5B /* Storyboards */,
				3EF1E90521AA3A1800EA5B5B /* Custom UIKit */,
			);
			name = Views;
			sourceTree = "<group>";
		};
		3E13F38F21A9119D00D5F3EE /* Resources */ = {
			isa = PBXGroup;
			children = (
				3E13F39721A9119E00D5F3EE /* Info.plist */,
				3EF1E8F721A9C0EA00EA5B5B /* Fonts */,
				3E13F39221A9119E00D5F3EE /* Assets.xcassets */,
				3E13F39021A9119D00D5F3EE /* AppDelegate.swift */,
			);
			name = Resources;
			sourceTree = "<group>";
		};
		3EF1E8F721A9C0EA00EA5B5B /* Fonts */ = {
			isa = PBXGroup;
			children = (
				3EF1E8F121A9C0C400EA5B5B /* Starjedi.ttf */,
				3EF1E8F321A9C0C400EA5B5B /* Starjhol.ttf */,
				3EF1E8F221A9C0C400EA5B5B /* Starjout.ttf */,
			);
			name = Fonts;
			sourceTree = "<group>";
		};
		3EF1E8FA21A9C59900EA5B5B /* Utilities */ = {
			isa = PBXGroup;
			children = (
				3EF1E8FB21A9C5A800EA5B5B /* Constants.swift */,
			);
			name = Utilities;
			sourceTree = "<group>";
		};
		3EF1E8FD21A9CC8C00EA5B5B /* Services */ = {
			isa = PBXGroup;
			children = (
				3EF1E8FE21A9CCA800EA5B5B /* PersonAPI.swift */,
				3E7C321A21AA468000ACC457 /* HomeworldAPI.swift */,
				3E7C321E21AA517E00ACC457 /* VehicleAPI.swift */,
				3EA7880A21AB0D5000B2BCF5 /* StarshipAPI.swift */,
			);
			name = Services;
			sourceTree = "<group>";
		};
		3EF1E90021A9CCBF00EA5B5B /* Storyboards */ = {
			isa = PBXGroup;
			children = (
				3E13F39421A9119E00D5F3EE /* LaunchScreen.storyboard */,
				3E13F38C21A9119D00D5F3EE /* Main.storyboard */,
			);
			name = Storyboards;
			sourceTree = "<group>";
		};
		3EF1E90521AA3A1800EA5B5B /* Custom UIKit */ = {
			isa = PBXGroup;
			children = (
				3EF1E8F821A9C52600EA5B5B /* BlackBackgroundView.swift */,
				3EF1E90321AA2B0700EA5B5B /* FadeButton.swift */,
			);
			name = "Custom UIKit";
			sourceTree = "<group>";
		};
		ECD59BE54C2B83009680009E /* Frameworks */ = {
			isa = PBXGroup;
			children = (
				38DB316BCDC8FF43CA6D5E7F /* Pods_StarTrivia.framework */,
			);
			name = Frameworks;
			sourceTree = "<group>";
		};
/* End PBXGroup section */

/* Begin PBXNativeTarget section */
		3E13F37D21A9119D00D5F3EE /* StarTrivia */ = {
			isa = PBXNativeTarget;
			buildConfigurationList = 3E13F39A21A9119E00D5F3EE /* Build configuration list for PBXNativeTarget "StarTrivia" */;
			buildPhases = (
				FC3F87967F4B968D3C13A1C6 /* [CP] Check Pods Manifest.lock */,
				3E13F37A21A9119D00D5F3EE /* Sources */,
				3E13F37B21A9119D00D5F3EE /* Frameworks */,
				3E13F37C21A9119D00D5F3EE /* Resources */,
				FCB025BC6685E7FABEE42D95 /* [CP] Embed Pods Frameworks */,
			);
			buildRules = (
			);
			dependencies = (
			);
			name = StarTrivia;
			productName = StarTrivia;
			productReference = 3E13F37E21A9119D00D5F3EE /* StarTrivia.app */;
			productType = "com.apple.product-type.application";
		};
/* End PBXNativeTarget section */

/* Begin PBXProject section */
		3E13F37621A9119D00D5F3EE /* Project object */ = {
			isa = PBXProject;
			attributes = {
				LastSwiftUpdateCheck = 1010;
				LastUpgradeCheck = 1010;
				ORGANIZATIONNAME = "Owen Henley";
				TargetAttributes = {
					3E13F37D21A9119D00D5F3EE = {
						CreatedOnToolsVersion = 10.1;
					};
				};
			};
			buildConfigurationList = 3E13F37921A9119D00D5F3EE /* Build configuration list for PBXProject "StarTrivia" */;
			compatibilityVersion = "Xcode 9.3";
			developmentRegion = en;
			hasScannedForEncodings = 0;
			knownRegions = (
				en,
				Base,
			);
			mainGroup = 3E13F37521A9119D00D5F3EE;
			productRefGroup = 3E13F37F21A9119D00D5F3EE /* Products */;
			projectDirPath = "";
			projectRoot = "";
			targets = (
				3E13F37D21A9119D00D5F3EE /* StarTrivia */,
			);
		};
/* End PBXProject section */

/* Begin PBXResourcesBuildPhase section */
		3E13F37C21A9119D00D5F3EE /* Resources */ = {
			isa = PBXResourcesBuildPhase;
			buildActionMask = 2147483647;
			files = (
				3E13F39621A9119E00D5F3EE /* LaunchScreen.storyboard in Resources */,
				3E13F38E21A9119D00D5F3EE /* Main.storyboard in Resources */,
				3EF1E8F421A9C0DD00EA5B5B /* Starjedi.ttf in Resources */,
				3EF1E8F521A9C0E000EA5B5B /* Starjhol.ttf in Resources */,
				3EF1E8F621A9C0E400EA5B5B /* Starjout.ttf in Resources */,
				3E13F39321A9119E00D5F3EE /* Assets.xcassets in Resources */,
			);
			runOnlyForDeploymentPostprocessing = 0;
		};
/* End PBXResourcesBuildPhase section */

/* Begin PBXShellScriptBuildPhase section */
		FC3F87967F4B968D3C13A1C6 /* [CP] Check Pods Manifest.lock */ = {
			isa = PBXShellScriptBuildPhase;
			buildActionMask = 2147483647;
			files = (
			);
			inputFileListPaths = (
			);
			inputPaths = (
				"${PODS_PODFILE_DIR_PATH}/Podfile.lock",
				"${PODS_ROOT}/Manifest.lock",
			);
			name = "[CP] Check Pods Manifest.lock";
			outputFileListPaths = (
			);
			outputPaths = (
				"$(DERIVED_FILE_DIR)/Pods-StarTrivia-checkManifestLockResult.txt",
			);
			runOnlyForDeploymentPostprocessing = 0;
			shellPath = /bin/sh;
			shellScript = "diff \"${PODS_PODFILE_DIR_PATH}/Podfile.lock\" \"${PODS_ROOT}/Manifest.lock\" > /dev/null\nif [ $? != 0 ] ; then\n    # print error to STDERR\n    echo \"error: The sandbox is not in sync with the Podfile.lock. Run 'pod install' or update your CocoaPods installation.\" >&2\n    exit 1\nfi\n# This output is used by Xcode 'outputs' to avoid re-running this script phase.\necho \"SUCCESS\" > \"${SCRIPT_OUTPUT_FILE_0}\"\n";
			showEnvVarsInLog = 0;
		};
		FCB025BC6685E7FABEE42D95 /* [CP] Embed Pods Frameworks */ = {
			isa = PBXShellScriptBuildPhase;
			buildActionMask = 2147483647;
			files = (
			);
			inputFileListPaths = (
			);
			inputPaths = (
				"${PODS_ROOT}/Target Support Files/Pods-StarTrivia/Pods-StarTrivia-frameworks.sh",
				"${BUILT_PRODUCTS_DIR}/Alamofire/Alamofire.framework",
				"${BUILT_PRODUCTS_DIR}/SwiftyJSON/SwiftyJSON.framework",
			);
			name = "[CP] Embed Pods Frameworks";
			outputFileListPaths = (
			);
			outputPaths = (
				"${TARGET_BUILD_DIR}/${FRAMEWORKS_FOLDER_PATH}/Alamofire.framework",
				"${TARGET_BUILD_DIR}/${FRAMEWORKS_FOLDER_PATH}/SwiftyJSON.framework",
			);
			runOnlyForDeploymentPostprocessing = 0;
			shellPath = /bin/sh;
			shellScript = "\"${PODS_ROOT}/Target Support Files/Pods-StarTrivia/Pods-StarTrivia-frameworks.sh\"\n";
			showEnvVarsInLog = 0;
		};
/* End PBXShellScriptBuildPhase section */

/* Begin PBXSourcesBuildPhase section */
		3E13F37A21A9119D00D5F3EE /* Sources */ = {
			isa = PBXSourcesBuildPhase;
			buildActionMask = 2147483647;
			files = (
				3E7C321F21AA517E00ACC457 /* VehicleAPI.swift in Sources */,
				3EF1E90221A9E42F00EA5B5B /* Person.swift in Sources */,
				3E7C321B21AA468000ACC457 /* HomeworldAPI.swift in Sources */,
				3EF1E90421AA2B0700EA5B5B /* FadeButton.swift in Sources */,
				3EF1E90B21AA3A4200EA5B5B /* StarshipsVC.swift in Sources */,
				3EA7880B21AB0D5000B2BCF5 /* StarshipAPI.swift in Sources */,
				3E7C321921AA461700ACC457 /* Homeworld.swift in Sources */,
				3EF1E90921AA3A3800EA5B5B /* VehiclesVC.swift in Sources */,
				3EA7880921AB0CF600B2BCF5 /* Starship.swift in Sources */,
				3E13F39121A9119D00D5F3EE /* AppDelegate.swift in Sources */,
				3EF1E8F921A9C52600EA5B5B /* BlackBackgroundView.swift in Sources */,
				3E13F39E21A9121800D5F3EE /* SelectPersonVC.swift in Sources */,
				3EF1E8FF21A9CCA800EA5B5B /* PersonAPI.swift in Sources */,
				3EF1E90D21AA3A4B00EA5B5B /* FilmsVC.swift in Sources */,
				3EF1E90721AA3A2A00EA5B5B /* HomeworldVC.swift in Sources */,
				3E7C321D21AA508A00ACC457 /* Vehicle.swift in Sources */,
				3EF1E8FC21A9C5A800EA5B5B /* Constants.swift in Sources */,
			);
			runOnlyForDeploymentPostprocessing = 0;
		};
/* End PBXSourcesBuildPhase section */

/* Begin PBXVariantGroup section */
		3E13F38C21A9119D00D5F3EE /* Main.storyboard */ = {
			isa = PBXVariantGroup;
			children = (
				3E13F38D21A9119D00D5F3EE /* Base */,
			);
			name = Main.storyboard;
			sourceTree = "<group>";
		};
		3E13F39421A9119E00D5F3EE /* LaunchScreen.storyboard */ = {
			isa = PBXVariantGroup;
			children = (
				3E13F39521A9119E00D5F3EE /* Base */,
			);
			name = LaunchScreen.storyboard;
			sourceTree = "<group>";
		};
/* End PBXVariantGroup section */

/* Begin XCBuildConfiguration section */
		3E13F39821A9119E00D5F3EE /* Debug */ = {
			isa = XCBuildConfiguration;
			buildSettings = {
				ALWAYS_SEARCH_USER_PATHS = NO;
				CLANG_ANALYZER_NONNULL = YES;
				CLANG_ANALYZER_NUMBER_OBJECT_CONVERSION = YES_AGGRESSIVE;
				CLANG_CXX_LANGUAGE_STANDARD = "gnu++14";
				CLANG_CXX_LIBRARY = "libc++";
				CLANG_ENABLE_MODULES = YES;
				CLANG_ENABLE_OBJC_ARC = YES;
				CLANG_ENABLE_OBJC_WEAK = YES;
				CLANG_WARN_BLOCK_CAPTURE_AUTORELEASING = YES;
				CLANG_WARN_BOOL_CONVERSION = YES;
				CLANG_WARN_COMMA = YES;
				CLANG_WARN_CONSTANT_CONVERSION = YES;
				CLANG_WARN_DEPRECATED_OBJC_IMPLEMENTATIONS = YES;
				CLANG_WARN_DIRECT_OBJC_ISA_USAGE = YES_ERROR;
				CLANG_WARN_DOCUMENTATION_COMMENTS = YES;
				CLANG_WARN_EMPTY_BODY = YES;
				CLANG_WARN_ENUM_CONVERSION = YES;
				CLANG_WARN_INFINITE_RECURSION = YES;
				CLANG_WARN_INT_CONVERSION = YES;
				CLANG_WARN_NON_LITERAL_NULL_CONVERSION = YES;
				CLANG_WARN_OBJC_IMPLICIT_RETAIN_SELF = YES;
				CLANG_WARN_OBJC_LITERAL_CONVERSION = YES;
				CLANG_WARN_OBJC_ROOT_CLASS = YES_ERROR;
				CLANG_WARN_RANGE_LOOP_ANALYSIS = YES;
				CLANG_WARN_STRICT_PROTOTYPES = YES;
				CLANG_WARN_SUSPICIOUS_MOVE = YES;
				CLANG_WARN_UNGUARDED_AVAILABILITY = YES_AGGRESSIVE;
				CLANG_WARN_UNREACHABLE_CODE = YES;
				CLANG_WARN__DUPLICATE_METHOD_MATCH = YES;
				CODE_SIGN_IDENTITY = "iPhone Developer";
				COPY_PHASE_STRIP = NO;
				DEBUG_INFORMATION_FORMAT = dwarf;
				ENABLE_STRICT_OBJC_MSGSEND = YES;
				ENABLE_TESTABILITY = YES;
				GCC_C_LANGUAGE_STANDARD = gnu11;
				GCC_DYNAMIC_NO_PIC = NO;
				GCC_NO_COMMON_BLOCKS = YES;
				GCC_OPTIMIZATION_LEVEL = 0;
				GCC_PREPROCESSOR_DEFINITIONS = (
					"DEBUG=1",
					"$(inherited)",
				);
				GCC_WARN_64_TO_32_BIT_CONVERSION = YES;
				GCC_WARN_ABOUT_RETURN_TYPE = YES_ERROR;
				GCC_WARN_UNDECLARED_SELECTOR = YES;
				GCC_WARN_UNINITIALIZED_AUTOS = YES_AGGRESSIVE;
				GCC_WARN_UNUSED_FUNCTION = YES;
				GCC_WARN_UNUSED_VARIABLE = YES;
				IPHONEOS_DEPLOYMENT_TARGET = 12.1;
				MTL_ENABLE_DEBUG_INFO = INCLUDE_SOURCE;
				MTL_FAST_MATH = YES;
				ONLY_ACTIVE_ARCH = YES;
				SDKROOT = iphoneos;
				SWIFT_ACTIVE_COMPILATION_CONDITIONS = DEBUG;
				SWIFT_OPTIMIZATION_LEVEL = "-Onone";
			};
			name = Debug;
		};
		3E13F39921A9119E00D5F3EE /* Release */ = {
			isa = XCBuildConfiguration;
			buildSettings = {
				ALWAYS_SEARCH_USER_PATHS = NO;
				CLANG_ANALYZER_NONNULL = YES;
				CLANG_ANALYZER_NUMBER_OBJECT_CONVERSION = YES_AGGRESSIVE;
				CLANG_CXX_LANGUAGE_STANDARD = "gnu++14";
				CLANG_CXX_LIBRARY = "libc++";
				CLANG_ENABLE_MODULES = YES;
				CLANG_ENABLE_OBJC_ARC = YES;
				CLANG_ENABLE_OBJC_WEAK = YES;
				CLANG_WARN_BLOCK_CAPTURE_AUTORELEASING = YES;
				CLANG_WARN_BOOL_CONVERSION = YES;
				CLANG_WARN_COMMA = YES;
				CLANG_WARN_CONSTANT_CONVERSION = YES;
				CLANG_WARN_DEPRECATED_OBJC_IMPLEMENTATIONS = YES;
				CLANG_WARN_DIRECT_OBJC_ISA_USAGE = YES_ERROR;
				CLANG_WARN_DOCUMENTATION_COMMENTS = YES;
				CLANG_WARN_EMPTY_BODY = YES;
				CLANG_WARN_ENUM_CONVERSION = YES;
				CLANG_WARN_INFINITE_RECURSION = YES;
				CLANG_WARN_INT_CONVERSION = YES;
				CLANG_WARN_NON_LITERAL_NULL_CONVERSION = YES;
				CLANG_WARN_OBJC_IMPLICIT_RETAIN_SELF = YES;
				CLANG_WARN_OBJC_LITERAL_CONVERSION = YES;
				CLANG_WARN_OBJC_ROOT_CLASS = YES_ERROR;
				CLANG_WARN_RANGE_LOOP_ANALYSIS = YES;
				CLANG_WARN_STRICT_PROTOTYPES = YES;
				CLANG_WARN_SUSPICIOUS_MOVE = YES;
				CLANG_WARN_UNGUARDED_AVAILABILITY = YES_AGGRESSIVE;
				CLANG_WARN_UNREACHABLE_CODE = YES;
				CLANG_WARN__DUPLICATE_METHOD_MATCH = YES;
				CODE_SIGN_IDENTITY = "iPhone Developer";
				COPY_PHASE_STRIP = NO;
				DEBUG_INFORMATION_FORMAT = "dwarf-with-dsym";
				ENABLE_NS_ASSERTIONS = NO;
				ENABLE_STRICT_OBJC_MSGSEND = YES;
				GCC_C_LANGUAGE_STANDARD = gnu11;
				GCC_NO_COMMON_BLOCKS = YES;
				GCC_WARN_64_TO_32_BIT_CONVERSION = YES;
				GCC_WARN_ABOUT_RETURN_TYPE = YES_ERROR;
				GCC_WARN_UNDECLARED_SELECTOR = YES;
				GCC_WARN_UNINITIALIZED_AUTOS = YES_AGGRESSIVE;
				GCC_WARN_UNUSED_FUNCTION = YES;
				GCC_WARN_UNUSED_VARIABLE = YES;
				IPHONEOS_DEPLOYMENT_TARGET = 12.1;
				MTL_ENABLE_DEBUG_INFO = NO;
				MTL_FAST_MATH = YES;
				SDKROOT = iphoneos;
				SWIFT_COMPILATION_MODE = wholemodule;
				SWIFT_OPTIMIZATION_LEVEL = "-O";
				VALIDATE_PRODUCT = YES;
			};
			name = Release;
		};
		3E13F39B21A9119E00D5F3EE /* Debug */ = {
			isa = XCBuildConfiguration;
			baseConfigurationReference = 9D018EA3A3C80344D670D7A6 /* Pods-StarTrivia.debug.xcconfig */;
			buildSettings = {
				ASSETCATALOG_COMPILER_APPICON_NAME = AppIcon;
				CODE_SIGN_STYLE = Automatic;
				DEVELOPMENT_TEAM = CYZA2EE6W8;
				INFOPLIST_FILE = StarTrivia/Info.plist;
				LD_RUNPATH_SEARCH_PATHS = (
					"$(inherited)",
					"@executable_path/Frameworks",
				);
				PRODUCT_BUNDLE_IDENTIFIER = io.owenhenley.StarTrivia;
				PRODUCT_NAME = "$(TARGET_NAME)";
				SWIFT_VERSION = 4.2;
				TARGETED_DEVICE_FAMILY = "1,2";
			};
			name = Debug;
		};
		3E13F39C21A9119E00D5F3EE /* Release */ = {
			isa = XCBuildConfiguration;
			baseConfigurationReference = B7EB7A1BC3CC6324E317590B /* Pods-StarTrivia.release.xcconfig */;
			buildSettings = {
				ASSETCATALOG_COMPILER_APPICON_NAME = AppIcon;
				CODE_SIGN_STYLE = Automatic;
				DEVELOPMENT_TEAM = CYZA2EE6W8;
				INFOPLIST_FILE = StarTrivia/Info.plist;
				LD_RUNPATH_SEARCH_PATHS = (
					"$(inherited)",
					"@executable_path/Frameworks",
				);
				PRODUCT_BUNDLE_IDENTIFIER = io.owenhenley.StarTrivia;
				PRODUCT_NAME = "$(TARGET_NAME)";
				SWIFT_VERSION = 4.2;
				TARGETED_DEVICE_FAMILY = "1,2";
			};
			name = Release;
		};
/* End XCBuildConfiguration section */

/* Begin XCConfigurationList section */
		3E13F37921A9119D00D5F3EE /* Build configuration list for PBXProject "StarTrivia" */ = {
			isa = XCConfigurationList;
			buildConfigurations = (
				3E13F39821A9119E00D5F3EE /* Debug */,
				3E13F39921A9119E00D5F3EE /* Release */,
			);
			defaultConfigurationIsVisible = 0;
			defaultConfigurationName = Release;
		};
		3E13F39A21A9119E00D5F3EE /* Build configuration list for PBXNativeTarget "StarTrivia" */ = {
			isa = XCConfigurationList;
			buildConfigurations = (
				3E13F39B21A9119E00D5F3EE /* Debug */,
				3E13F39C21A9119E00D5F3EE /* Release */,
			);
			defaultConfigurationIsVisible = 0;
			defaultConfigurationName = Release;
		};
/* End XCConfigurationList section */
	};
	rootObject = 3E13F37621A9119D00D5F3EE /* Project object */;
}
